
Microsoft Visual Studio Solution File, Format Version 12.00
# Visual Studio Version 17
VisualStudioVersion = 17.3.32819.101
MinimumVisualStudioVersion = 10.0.40219.1
Project("{FAE04EC0-301F-11D3-BF4B-00C04F79EFBC}") = "NonLinearDataStructure", "NonLinearDataStructure.csproj", "{EC02878F-0DD3-4B1F-8282-22588B921182}"
EndProject
Global
	GlobalSection(SolutionConfigurationPlatforms) = preSolution
		Debug|Any CPU = Debug|Any CPU
		Release|Any CPU = Release|Any CPU
	EndGlobalSection
	GlobalSection(ProjectConfigurationPlatforms) = postSolution
		{EC02878F-0DD3-4B1F-8282-22588B921182}.Debug|Any CPU.ActiveCfg = Debug|Any CPU
		{EC02878F-0DD3-4B1F-8282-22588B921182}.Debug|Any CPU.Build.0 = Debug|Any CPU
		{EC02878F-0DD3-4B1F-8282-22588B921182}.Release|Any CPU.ActiveCfg = Release|Any CPU
		{EC02878F-0DD3-4B1F-8282-22588B921182}.Release|Any CPU.Build.0 = Release|Any CPU
	EndGlobalSection
	GlobalSection(SolutionProperties) = preSolution
		HideSolutionNode = FALSE
	EndGlobalSection
	GlobalSection(ExtensibilityGlobals) = postSolution
		SolutionGuid = {D692F8D8-9BD6-4EAE-AA37-E7044BC48D1C}
	EndGlobalSection
EndGlobal
